github.com/gopkgsquad/gloader v1.0.1 h1:ALq5LB2o15ZwWnI/O6kDlsF9x/7BTEgZO1rtv83m3bs=
github.com/gopkgsquad/gloader v1.0.1/go.mod h1:+SpeswGKQvtU5bxdkqwKAEdH3ppmcrj6shjfrCSFJVY=
github.com/gopkgsquad/glogger v1.0.2 h1:KkACJQn8HldLNaeym27yz21Fn8haVs0pzK8OvHvmDJg=
github.com/gopkgsquad/glogger v1.0.2/go.mod h1:m3kKj3HP1yEX9k7nmA9ewGD9nSwWfVTw8ZyoUOdWeDo=
